
Microsoft Visual Studio Solution File, Format Version 12.00
Project("{FAE04EC0-301F-11D3-BF4B-00C04F79EFBC}") = "Backbone.Comms.Infra.Abstractions", "Backbone.Comms.Infra.Abstractions\Backbone.Comms.Infra.Abstractions.csproj", "{05D2A860-BEA0-48EA-A578-5223BB4C9DF4}"
EndProject
Project("{FAE04EC0-301F-11D3-BF4B-00C04F79EFBC}") = "Backbone.Comms.Infra.Mediator.MediatR", "Backbone.Comms.Infra.Mediator.MediatR\Backbone.Comms.Infra.Mediator.MediatR.csproj", "{4F9ECDAF-ADB6-4C4F-945D-F62EEEAF4888}"
EndProject
Project("{FAE04EC0-301F-11D3-BF4B-00C04F79EFBC}") = "Backbone.Comms.Infra.Mediator.MassTransit", "Backbone.Comms.Infra.Mediator.MassTransit\Backbone.Comms.Infra.Mediator.MassTransit.csproj", "{1AEDEA88-B6AA-4476-87D2-07A6B21410EB}"
EndProject
Project("{FAE04EC0-301F-11D3-BF4B-00C04F79EFBC}") = "Backbone.Comms.Infra.EventBus.InMemory", "Backbone.Comms.Infra.EventBus.InMemory\Backbone.Comms.Infra.EventBus.InMemory.csproj", "{13E10A56-0DC1-4D16-A4C6-354E3CDD61D1}"
EndProject
Project("{FAE04EC0-301F-11D3-BF4B-00C04F79EFBC}") = "Backbone.Comms.Infra.EventBus.RabbitMq", "Backbone.Comms.Infra.EventBus.RabbitMq\Backbone.Comms.Infra.EventBus.RabbitMq.csproj", "{13FCD2A5-0CC4-49F9-B843-2FC9AABB7BF2}"
EndProject
Global
	GlobalSection(SolutionConfigurationPlatforms) = preSolution
		Debug|Any CPU = Debug|Any CPU
		Release|Any CPU = Release|Any CPU
	EndGlobalSection
	GlobalSection(ProjectConfigurationPlatforms) = postSolution
		{05D2A860-BEA0-48EA-A578-5223BB4C9DF4}.Debug|Any CPU.ActiveCfg = Debug|Any CPU
		{05D2A860-BEA0-48EA-A578-5223BB4C9DF4}.Debug|Any CPU.Build.0 = Debug|Any CPU
		{05D2A860-BEA0-48EA-A578-5223BB4C9DF4}.Release|Any CPU.ActiveCfg = Release|Any CPU
		{05D2A860-BEA0-48EA-A578-5223BB4C9DF4}.Release|Any CPU.Build.0 = Release|Any CPU
		{4F9ECDAF-ADB6-4C4F-945D-F62EEEAF4888}.Debug|Any CPU.ActiveCfg = Debug|Any CPU
		{4F9ECDAF-ADB6-4C4F-945D-F62EEEAF4888}.Debug|Any CPU.Build.0 = Debug|Any CPU
		{4F9ECDAF-ADB6-4C4F-945D-F62EEEAF4888}.Release|Any CPU.ActiveCfg = Release|Any CPU
		{4F9ECDAF-ADB6-4C4F-945D-F62EEEAF4888}.Release|Any CPU.Build.0 = Release|Any CPU
		{1AEDEA88-B6AA-4476-87D2-07A6B21410EB}.Debug|Any CPU.ActiveCfg = Debug|Any CPU
		{1AEDEA88-B6AA-4476-87D2-07A6B21410EB}.Debug|Any CPU.Build.0 = Debug|Any CPU
		{1AEDEA88-B6AA-4476-87D2-07A6B21410EB}.Release|Any CPU.ActiveCfg = Release|Any CPU
		{1AEDEA88-B6AA-4476-87D2-07A6B21410EB}.Release|Any CPU.Build.0 = Release|Any CPU
		{13E10A56-0DC1-4D16-A4C6-354E3CDD61D1}.Debug|Any CPU.ActiveCfg = Debug|Any CPU
		{13E10A56-0DC1-4D16-A4C6-354E3CDD61D1}.Debug|Any CPU.Build.0 = Debug|Any CPU
		{13E10A56-0DC1-4D16-A4C6-354E3CDD61D1}.Release|Any CPU.ActiveCfg = Release|Any CPU
		{13E10A56-0DC1-4D16-A4C6-354E3CDD61D1}.Release|Any CPU.Build.0 = Release|Any CPU
		{13FCD2A5-0CC4-49F9-B843-2FC9AABB7BF2}.Debug|Any CPU.ActiveCfg = Debug|Any CPU
		{13FCD2A5-0CC4-49F9-B843-2FC9AABB7BF2}.Debug|Any CPU.Build.0 = Debug|Any CPU
		{13FCD2A5-0CC4-49F9-B843-2FC9AABB7BF2}.Release|Any CPU.ActiveCfg = Release|Any CPU
		{13FCD2A5-0CC4-49F9-B843-2FC9AABB7BF2}.Release|Any CPU.Build.0 = Release|Any CPU
	EndGlobalSection
EndGlobal
